
Microsoft Visual Studio Solution File, Format Version 12.00
# Visual Studio Version 16
VisualStudioVersion = 16.0.31019.35
MinimumVisualStudioVersion = 10.0.40219.1
Project("{8BC9CEB8-8B4A-11D0-8D11-00A0C91BC942}") = "face_mesh", "face_mesh\face_mesh.vcxproj", "{0FE8078A-D6AD-459A-AB44-AEE95FA0FDF2}"
EndProject
Project("{8BC9CEB8-8B4A-11D0-8D11-00A0C91BC942}") = "mediapipe", "mediapipe\mediapipe.vcxproj", "{E3C083BF-698D-456A-B5B5-82A6839A4CCC}"
EndProject
Project("{8BC9CEB8-8B4A-11D0-8D11-00A0C91BC942}") = "xnnpack", "..\third_party\tensorflow\third_party\XNNPACK\xnnpack.vcxproj", "{3CA1E958-347B-4F73-A0AF-8F450BCDF9A2}"
EndProject
Project("{8BC9CEB8-8B4A-11D0-8D11-00A0C91BC942}") = "absl", "..\third_party\abseil\absl.vcxproj", "{F5BED556-0DB6-4D2A-A6F1-09727FFDC8FD}"
EndProject
Project("{8BC9CEB8-8B4A-11D0-8D11-00A0C91BC942}") = "tensorflow-lite", "..\third_party\tensorflow\tensorflow-lite.vcxproj", "{F9A7FA78-25D1-4739-844F-1930E2E3BF14}"
EndProject
Project("{8BC9CEB8-8B4A-11D0-8D11-00A0C91BC942}") = "glog", "..\third_party\glog\glog.vcxproj", "{D352ABC3-E2B8-498D-850E-2714070172BD}"
EndProject
Project("{8BC9CEB8-8B4A-11D0-8D11-00A0C91BC942}") = "hands_tracking", "hand_tracking\hand_tracking.vcxproj", "{223E21EF-60B9-4C24-969B-BF1971E55B68}"
EndProject
Project("{2150E333-8FDC-42A3-9474-1A3956D46DE8}") = "examples", "examples", "{591B6909-4A71-4D32-AF57-B2DB32DA4818}"
EndProject
Project("{8BC9CEB8-8B4A-11D0-8D11-00A0C91BC942}") = "hair_segmentation_cpu", "hair_segmentation\hair_segmentation.vcxproj", "{3FAEE013-AA9D-4030-8743-42E9D556FA52}"
EndProject
Project("{8BC9CEB8-8B4A-11D0-8D11-00A0C91BC942}") = "pose_tracking_cpu", "pose_tracking\pose_tracking.vcxproj", "{F4A954D6-BA2C-4B97-8191-D0AEB08D3AC9}"
EndProject
Project("{8BC9CEB8-8B4A-11D0-8D11-00A0C91BC942}") = "template_matching", "template_matching\template_matching.vcxproj", "{23B9EFBA-5D7A-47C0-ACFC-0C1477952288}"
EndProject
Project("{8BC9CEB8-8B4A-11D0-8D11-00A0C91BC942}") = "holistic_tracking", "holistic_tracking\holistic_tracking.vcxproj", "{8215A5D9-D121-4743-9354-F3D6FAB07A89}"
EndProject
Project("{8BC9CEB8-8B4A-11D0-8D11-00A0C91BC942}") = "face_detection", "face_detection\face_detection.vcxproj", "{C9179CF5-357B-486F-B669-C3C4B695984F}"
EndProject
Project("{2150E333-8FDC-42A3-9474-1A3956D46DE8}") = "3rd_party", "3rd_party", "{6E5676E0-C788-47E4-BA99-12A58C8A19C4}"
EndProject
Project("{8BC9CEB8-8B4A-11D0-8D11-00A0C91BC942}") = "iris_tracking", "iris_tracking\iris_tracking.vcxproj", "{27B3A85D-E1F1-474E-976B-BD33BDC0D462}"
EndProject
Project("{8BC9CEB8-8B4A-11D0-8D11-00A0C91BC942}") = "object_tracking", "object_tracking\object_tracking.vcxproj", "{329BD402-08DD-4099-90C5-C9CDE2E7D7EB}"
EndProject
Project("{8BC9CEB8-8B4A-11D0-8D11-00A0C91BC942}") = "live_demo-all-in-1", "live_demo\live_demo.vcxproj", "{C5A34E3E-6434-4D99-A562-3CF659FEB4BF}"
EndProject
Project("{8BC9CEB8-8B4A-11D0-8D11-00A0C91BC942}") = "protobuf", "..\third_party\protobuf\protobuf.vcxproj", "{724082B1-2B49-40CE-9DB8-A8FDE10F9E7E}"
EndProject
Project("{8BC9CEB8-8B4A-11D0-8D11-00A0C91BC942}") = "face_effect", "face_effect\face_effect.vcxproj", "{AF967FD0-80EE-4E4E-91C0-C2A6253D236B}"
EndProject
Project("{8BC9CEB8-8B4A-11D0-8D11-00A0C91BC942}") = "selfie_segmentation", "selfie_segmentation\selfie_segmentation.vcxproj", "{2E9E665A-0891-447D-827C-F159B693D6CD}"
EndProject
Project("{8BC9CEB8-8B4A-11D0-8D11-00A0C91BC942}") = "objectron", "objectron\objectron.vcxproj", "{8FEFAD0B-E511-4046-83D7-CA4833D45016}"
EndProject
Project("{8BC9CEB8-8B4A-11D0-8D11-00A0C91BC942}") = "object_detection", "object_detection\object_detection.vcxproj", "{AC9DE309-FC84-45F1-A600-833AB6B35DAF}"
EndProject
Global
	GlobalSection(SolutionConfigurationPlatforms) = preSolution
		Debug|x64 = Debug|x64
		Debug|x86 = Debug|x86
		Release|x64 = Release|x64
		Release|x86 = Release|x86
	EndGlobalSection
	GlobalSection(ProjectConfigurationPlatforms) = postSolution
		{0FE8078A-D6AD-459A-AB44-AEE95FA0FDF2}.Debug|x64.ActiveCfg = Debug|x64
		{0FE8078A-D6AD-459A-AB44-AEE95FA0FDF2}.Debug|x64.Build.0 = Debug|x64
		{0FE8078A-D6AD-459A-AB44-AEE95FA0FDF2}.Debug|x86.ActiveCfg = Debug|Win32
		{0FE8078A-D6AD-459A-AB44-AEE95FA0FDF2}.Debug|x86.Build.0 = Debug|Win32
		{0FE8078A-D6AD-459A-AB44-AEE95FA0FDF2}.Release|x64.ActiveCfg = Release|x64
		{0FE8078A-D6AD-459A-AB44-AEE95FA0FDF2}.Release|x64.Build.0 = Release|x64
		{0FE8078A-D6AD-459A-AB44-AEE95FA0FDF2}.Release|x86.ActiveCfg = Release|Win32
		{0FE8078A-D6AD-459A-AB44-AEE95FA0FDF2}.Release|x86.Build.0 = Release|Win32
		{E3C083BF-698D-456A-B5B5-82A6839A4CCC}.Debug|x64.ActiveCfg = Debug|x64
		{E3C083BF-698D-456A-B5B5-82A6839A4CCC}.Debug|x64.Build.0 = Debug|x64
		{E3C083BF-698D-456A-B5B5-82A6839A4CCC}.Debug|x86.ActiveCfg = Debug|Win32
		{E3C083BF-698D-456A-B5B5-82A6839A4CCC}.Debug|x86.Build.0 = Debug|Win32
		{E3C083BF-698D-456A-B5B5-82A6839A4CCC}.Release|x64.ActiveCfg = Release|x64
		{E3C083BF-698D-456A-B5B5-82A6839A4CCC}.Release|x64.Build.0 = Release|x64
		{E3C083BF-698D-456A-B5B5-82A6839A4CCC}.Release|x86.ActiveCfg = Release|Win32
		{E3C083BF-698D-456A-B5B5-82A6839A4CCC}.Release|x86.Build.0 = Release|Win32
		{3CA1E958-347B-4F73-A0AF-8F450BCDF9A2}.Debug|x64.ActiveCfg = Debug|x64
		{3CA1E958-347B-4F73-A0AF-8F450BCDF9A2}.Debug|x64.Build.0 = Debug|x64
		{3CA1E958-347B-4F73-A0AF-8F450BCDF9A2}.Debug|x86.ActiveCfg = Debug|Win32
		{3CA1E958-347B-4F73-A0AF-8F450BCDF9A2}.Debug|x86.Build.0 = Debug|Win32
		{3CA1E958-347B-4F73-A0AF-8F450BCDF9A2}.Release|x64.ActiveCfg = Release|x64
		{3CA1E958-347B-4F73-A0AF-8F450BCDF9A2}.Release|x64.Build.0 = Release|x64
		{3CA1E958-347B-4F73-A0AF-8F450BCDF9A2}.Release|x86.ActiveCfg = Release|Win32
		{3CA1E958-347B-4F73-A0AF-8F450BCDF9A2}.Release|x86.Build.0 = Release|Win32
		{F5BED556-0DB6-4D2A-A6F1-09727FFDC8FD}.Debug|x64.ActiveCfg = Debug|x64
		{F5BED556-0DB6-4D2A-A6F1-09727FFDC8FD}.Debug|x64.Build.0 = Debug|x64
		{F5BED556-0DB6-4D2A-A6F1-09727FFDC8FD}.Debug|x86.ActiveCfg = Debug|Win32
		{F5BED556-0DB6-4D2A-A6F1-09727FFDC8FD}.Debug|x86.Build.0 = Debug|Win32
		{F5BED556-0DB6-4D2A-A6F1-09727FFDC8FD}.Release|x64.ActiveCfg = Release|x64
		{F5BED556-0DB6-4D2A-A6F1-09727FFDC8FD}.Release|x64.Build.0 = Release|x64
		{F5BED556-0DB6-4D2A-A6F1-09727FFDC8FD}.Release|x86.ActiveCfg = Release|Win32
		{F5BED556-0DB6-4D2A-A6F1-09727FFDC8FD}.Release|x86.Build.0 = Release|Win32
		{F9A7FA78-25D1-4739-844F-1930E2E3BF14}.Debug|x64.ActiveCfg = Debug|x64
		{F9A7FA78-25D1-4739-844F-1930E2E3BF14}.Debug|x64.Build.0 = Debug|x64
		{F9A7FA78-25D1-4739-844F-1930E2E3BF14}.Debug|x86.ActiveCfg = Debug|Win32
		{F9A7FA78-25D1-4739-844F-1930E2E3BF14}.Debug|x86.Build.0 = Debug|Win32
		{F9A7FA78-25D1-4739-844F-1930E2E3BF14}.Release|x64.ActiveCfg = Release|x64
		{F9A7FA78-25D1-4739-844F-1930E2E3BF14}.Release|x64.Build.0 = Release|x64
		{F9A7FA78-25D1-4739-844F-1930E2E3BF14}.Release|x86.ActiveCfg = Release|Win32
		{F9A7FA78-25D1-4739-844F-1930E2E3BF14}.Release|x86.Build.0 = Release|Win32
		{D352ABC3-E2B8-498D-850E-2714070172BD}.Debug|x64.ActiveCfg = Debug|x64
		{D352ABC3-E2B8-498D-850E-2714070172BD}.Debug|x64.Build.0 = Debug|x64
		{D352ABC3-E2B8-498D-850E-2714070172BD}.Debug|x86.ActiveCfg = Debug|Win32
		{D352ABC3-E2B8-498D-850E-2714070172BD}.Debug|x86.Build.0 = Debug|Win32
		{D352ABC3-E2B8-498D-850E-2714070172BD}.Release|x64.ActiveCfg = Release|x64
		{D352ABC3-E2B8-498D-850E-2714070172BD}.Release|x64.Build.0 = Release|x64
		{D352ABC3-E2B8-498D-850E-2714070172BD}.Release|x86.ActiveCfg = Release|Win32
		{D352ABC3-E2B8-498D-850E-2714070172BD}.Release|x86.Build.0 = Release|Win32
		{223E21EF-60B9-4C24-969B-BF1971E55B68}.Debug|x64.ActiveCfg = Debug|x64
		{223E21EF-60B9-4C24-969B-BF1971E55B68}.Debug|x64.Build.0 = Debug|x64
		{223E21EF-60B9-4C24-969B-BF1971E55B68}.Debug|x86.ActiveCfg = Debug|Win32
		{223E21EF-60B9-4C24-969B-BF1971E55B68}.Debug|x86.Build.0 = Debug|Win32
		{223E21EF-60B9-4C24-969B-BF1971E55B68}.Release|x64.ActiveCfg = Release|x64
		{223E21EF-60B9-4C24-969B-BF1971E55B68}.Release|x64.Build.0 = Release|x64
		{223E21EF-60B9-4C24-969B-BF1971E55B68}.Release|x86.ActiveCfg = Release|Win32
		{223E21EF-60B9-4C24-969B-BF1971E55B68}.Release|x86.Build.0 = Release|Win32
		{3FAEE013-AA9D-4030-8743-42E9D556FA52}.Debug|x64.ActiveCfg = Debug|x64
		{3FAEE013-AA9D-4030-8743-42E9D556FA52}.Debug|x64.Build.0 = Debug|x64
		{3FAEE013-AA9D-4030-8743-42E9D556FA52}.Debug|x86.ActiveCfg = Debug|Win32
		{3FAEE013-AA9D-4030-8743-42E9D556FA52}.Debug|x86.Build.0 = Debug|Win32
		{3FAEE013-AA9D-4030-8743-42E9D556FA52}.Release|x64.ActiveCfg = Release|x64
		{3FAEE013-AA9D-4030-8743-42E9D556FA52}.Release|x64.Build.0 = Release|x64
		{3FAEE013-AA9D-4030-8743-42E9D556FA52}.Release|x86.ActiveCfg = Release|Win32
		{3FAEE013-AA9D-4030-8743-42E9D556FA52}.Release|x86.Build.0 = Release|Win32
		{F4A954D6-BA2C-4B97-8191-D0AEB08D3AC9}.Debug|x64.ActiveCfg = Debug|x64
		{F4A954D6-BA2C-4B97-8191-D0AEB08D3AC9}.Debug|x64.Build.0 = Debug|x64
		{F4A954D6-BA2C-4B97-8191-D0AEB08D3AC9}.Debug|x86.ActiveCfg = Debug|Win32
		{F4A954D6-BA2C-4B97-8191-D0AEB08D3AC9}.Debug|x86.Build.0 = Debug|Win32
		{F4A954D6-BA2C-4B97-8191-D0AEB08D3AC9}.Release|x64.ActiveCfg = Release|x64
		{F4A954D6-BA2C-4B97-8191-D0AEB08D3AC9}.Release|x64.Build.0 = Release|x64
		{F4A954D6-BA2C-4B97-8191-D0AEB08D3AC9}.Release|x86.ActiveCfg = Release|Win32
		{F4A954D6-BA2C-4B97-8191-D0AEB08D3AC9}.Release|x86.Build.0 = Release|Win32
		{23B9EFBA-5D7A-47C0-ACFC-0C1477952288}.Debug|x64.ActiveCfg = Debug|x64
		{23B9EFBA-5D7A-47C0-ACFC-0C1477952288}.Debug|x64.Build.0 = Debug|x64
		{23B9EFBA-5D7A-47C0-ACFC-0C1477952288}.Debug|x86.ActiveCfg = Debug|Win32
		{23B9EFBA-5D7A-47C0-ACFC-0C1477952288}.Debug|x86.Build.0 = Debug|Win32
		{23B9EFBA-5D7A-47C0-ACFC-0C1477952288}.Release|x64.ActiveCfg = Release|x64
		{23B9EFBA-5D7A-47C0-ACFC-0C1477952288}.Release|x64.Build.0 = Release|x64
		{23B9EFBA-5D7A-47C0-ACFC-0C1477952288}.Release|x86.ActiveCfg = Release|Win32
		{23B9EFBA-5D7A-47C0-ACFC-0C1477952288}.Release|x86.Build.0 = Release|Win32
		{8215A5D9-D121-4743-9354-F3D6FAB07A89}.Debug|x64.ActiveCfg = Debug|x64
		{8215A5D9-D121-4743-9354-F3D6FAB07A89}.Debug|x64.Build.0 = Debug|x64
		{8215A5D9-D121-4743-9354-F3D6FAB07A89}.Debug|x86.ActiveCfg = Debug|Win32
		{8215A5D9-D121-4743-9354-F3D6FAB07A89}.Debug|x86.Build.0 = Debug|Win32
		{8215A5D9-D121-4743-9354-F3D6FAB07A89}.Release|x64.ActiveCfg = Release|x64
		{8215A5D9-D121-4743-9354-F3D6FAB07A89}.Release|x64.Build.0 = Release|x64
		{8215A5D9-D121-4743-9354-F3D6FAB07A89}.Release|x86.ActiveCfg = Release|Win32
		{8215A5D9-D121-4743-9354-F3D6FAB07A89}.Release|x86.Build.0 = Release|Win32
		{C9179CF5-357B-486F-B669-C3C4B695984F}.Debug|x64.ActiveCfg = Debug|x64
		{C9179CF5-357B-486F-B669-C3C4B695984F}.Debug|x64.Build.0 = Debug|x64
		{C9179CF5-357B-486F-B669-C3C4B695984F}.Debug|x86.ActiveCfg = Debug|Win32
		{C9179CF5-357B-486F-B669-C3C4B695984F}.Debug|x86.Build.0 = Debug|Win32
		{C9179CF5-357B-486F-B669-C3C4B695984F}.Release|x64.ActiveCfg = Release|x64
		{C9179CF5-357B-486F-B669-C3C4B695984F}.Release|x64.Build.0 = Release|x64
		{C9179CF5-357B-486F-B669-C3C4B695984F}.Release|x86.ActiveCfg = Release|Win32
		{C9179CF5-357B-486F-B669-C3C4B695984F}.Release|x86.Build.0 = Release|Win32
		{27B3A85D-E1F1-474E-976B-BD33BDC0D462}.Debug|x64.ActiveCfg = Debug|x64
		{27B3A85D-E1F1-474E-976B-BD33BDC0D462}.Debug|x64.Build.0 = Debug|x64
		{27B3A85D-E1F1-474E-976B-BD33BDC0D462}.Debug|x86.ActiveCfg = Debug|Win32
		{27B3A85D-E1F1-474E-976B-BD33BDC0D462}.Debug|x86.Build.0 = Debug|Win32
		{27B3A85D-E1F1-474E-976B-BD33BDC0D462}.Release|x64.ActiveCfg = Release|x64
		{27B3A85D-E1F1-474E-976B-BD33BDC0D462}.Release|x64.Build.0 = Release|x64
		{27B3A85D-E1F1-474E-976B-BD33BDC0D462}.Release|x86.ActiveCfg = Release|Win32
		{27B3A85D-E1F1-474E-976B-BD33BDC0D462}.Release|x86.Build.0 = Release|Win32
		{329BD402-08DD-4099-90C5-C9CDE2E7D7EB}.Debug|x64.ActiveCfg = Debug|x64
		{329BD402-08DD-4099-90C5-C9CDE2E7D7EB}.Debug|x64.Build.0 = Debug|x64
		{329BD402-08DD-4099-90C5-C9CDE2E7D7EB}.Debug|x86.ActiveCfg = Debug|Win32
		{329BD402-08DD-4099-90C5-C9CDE2E7D7EB}.Debug|x86.Build.0 = Debug|Win32
		{329BD402-08DD-4099-90C5-C9CDE2E7D7EB}.Release|x64.ActiveCfg = Release|x64
		{329BD402-08DD-4099-90C5-C9CDE2E7D7EB}.Release|x64.Build.0 = Release|x64
		{329BD402-08DD-4099-90C5-C9CDE2E7D7EB}.Release|x86.ActiveCfg = Release|Win32
		{329BD402-08DD-4099-90C5-C9CDE2E7D7EB}.Release|x86.Build.0 = Release|Win32
		{C5A34E3E-6434-4D99-A562-3CF659FEB4BF}.Debug|x64.ActiveCfg = Debug|x64
		{C5A34E3E-6434-4D99-A562-3CF659FEB4BF}.Debug|x64.Build.0 = Debug|x64
		{C5A34E3E-6434-4D99-A562-3CF659FEB4BF}.Debug|x86.ActiveCfg = Debug|Win32
		{C5A34E3E-6434-4D99-A562-3CF659FEB4BF}.Debug|x86.Build.0 = Debug|Win32
		{C5A34E3E-6434-4D99-A562-3CF659FEB4BF}.Release|x64.ActiveCfg = Release|x64
		{C5A34E3E-6434-4D99-A562-3CF659FEB4BF}.Release|x64.Build.0 = Release|x64
		{C5A34E3E-6434-4D99-A562-3CF659FEB4BF}.Release|x86.ActiveCfg = Release|Win32
		{C5A34E3E-6434-4D99-A562-3CF659FEB4BF}.Release|x86.Build.0 = Release|Win32
		{724082B1-2B49-40CE-9DB8-A8FDE10F9E7E}.Debug|x64.ActiveCfg = Debug|x64
		{724082B1-2B49-40CE-9DB8-A8FDE10F9E7E}.Debug|x64.Build.0 = Debug|x64
		{724082B1-2B49-40CE-9DB8-A8FDE10F9E7E}.Debug|x86.ActiveCfg = Debug|Win32
		{724082B1-2B49-40CE-9DB8-A8FDE10F9E7E}.Debug|x86.Build.0 = Debug|Win32
		{724082B1-2B49-40CE-9DB8-A8FDE10F9E7E}.Release|x64.ActiveCfg = Release|x64
		{724082B1-2B49-40CE-9DB8-A8FDE10F9E7E}.Release|x64.Build.0 = Release|x64
		{724082B1-2B49-40CE-9DB8-A8FDE10F9E7E}.Release|x86.ActiveCfg = Release|Win32
		{724082B1-2B49-40CE-9DB8-A8FDE10F9E7E}.Release|x86.Build.0 = Release|Win32
		{AF967FD0-80EE-4E4E-91C0-C2A6253D236B}.Debug|x64.ActiveCfg = Debug|x64
		{AF967FD0-80EE-4E4E-91C0-C2A6253D236B}.Debug|x64.Build.0 = Debug|x64
		{AF967FD0-80EE-4E4E-91C0-C2A6253D236B}.Debug|x86.ActiveCfg = Debug|Win32
		{AF967FD0-80EE-4E4E-91C0-C2A6253D236B}.Debug|x86.Build.0 = Debug|Win32
		{AF967FD0-80EE-4E4E-91C0-C2A6253D236B}.Release|x64.ActiveCfg = Release|x64
		{AF967FD0-80EE-4E4E-91C0-C2A6253D236B}.Release|x64.Build.0 = Release|x64
		{AF967FD0-80EE-4E4E-91C0-C2A6253D236B}.Release|x86.ActiveCfg = Release|Win32
		{AF967FD0-80EE-4E4E-91C0-C2A6253D236B}.Release|x86.Build.0 = Release|Win32
		{2E9E665A-0891-447D-827C-F159B693D6CD}.Debug|x64.ActiveCfg = Debug|x64
		{2E9E665A-0891-447D-827C-F159B693D6CD}.Debug|x64.Build.0 = Debug|x64
		{2E9E665A-0891-447D-827C-F159B693D6CD}.Debug|x86.ActiveCfg = Debug|Win32
		{2E9E665A-0891-447D-827C-F159B693D6CD}.Debug|x86.Build.0 = Debug|Win32
		{2E9E665A-0891-447D-827C-F159B693D6CD}.Release|x64.ActiveCfg = Release|x64
		{2E9E665A-0891-447D-827C-F159B693D6CD}.Release|x64.Build.0 = Release|x64
		{2E9E665A-0891-447D-827C-F159B693D6CD}.Release|x86.ActiveCfg = Release|Win32
		{2E9E665A-0891-447D-827C-F159B693D6CD}.Release|x86.Build.0 = Release|Win32
		{8FEFAD0B-E511-4046-83D7-CA4833D45016}.Debug|x64.ActiveCfg = Debug|x64
		{8FEFAD0B-E511-4046-83D7-CA4833D45016}.Debug|x64.Build.0 = Debug|x64
		{8FEFAD0B-E511-4046-83D7-CA4833D45016}.Debug|x86.ActiveCfg = Debug|Win32
		{8FEFAD0B-E511-4046-83D7-CA4833D45016}.Debug|x86.Build.0 = Debug|Win32
		{8FEFAD0B-E511-4046-83D7-CA4833D45016}.Release|x64.ActiveCfg = Release|x64
		{8FEFAD0B-E511-4046-83D7-CA4833D45016}.Release|x64.Build.0 = Release|x64
		{8FEFAD0B-E511-4046-83D7-CA4833D45016}.Release|x86.ActiveCfg = Release|Win32
		{8FEFAD0B-E511-4046-83D7-CA4833D45016}.Release|x86.Build.0 = Release|Win32
		{AC9DE309-FC84-45F1-A600-833AB6B35DAF}.Debug|x64.ActiveCfg = Debug|x64
		{AC9DE309-FC84-45F1-A600-833AB6B35DAF}.Debug|x64.Build.0 = Debug|x64
		{AC9DE309-FC84-45F1-A600-833AB6B35DAF}.Debug|x86.ActiveCfg = Debug|Win32
		{AC9DE309-FC84-45F1-A600-833AB6B35DAF}.Debug|x86.Build.0 = Debug|Win32
		{AC9DE309-FC84-45F1-A600-833AB6B35DAF}.Release|x64.ActiveCfg = Release|x64
		{AC9DE309-FC84-45F1-A600-833AB6B35DAF}.Release|x64.Build.0 = Release|x64
		{AC9DE309-FC84-45F1-A600-833AB6B35DAF}.Release|x86.ActiveCfg = Release|Win32
		{AC9DE309-FC84-45F1-A600-833AB6B35DAF}.Release|x86.Build.0 = Release|Win32
	EndGlobalSection
	GlobalSection(SolutionProperties) = preSolution
		HideSolutionNode = FALSE
	EndGlobalSection
	GlobalSection(NestedProjects) = preSolution
		{0FE8078A-D6AD-459A-AB44-AEE95FA0FDF2} = {591B6909-4A71-4D32-AF57-B2DB32DA4818}
		{3CA1E958-347B-4F73-A0AF-8F450BCDF9A2} = {6E5676E0-C788-47E4-BA99-12A58C8A19C4}
		{F5BED556-0DB6-4D2A-A6F1-09727FFDC8FD} = {6E5676E0-C788-47E4-BA99-12A58C8A19C4}
		{F9A7FA78-25D1-4739-844F-1930E2E3BF14} = {6E5676E0-C788-47E4-BA99-12A58C8A19C4}
		{D352ABC3-E2B8-498D-850E-2714070172BD} = {6E5676E0-C788-47E4-BA99-12A58C8A19C4}
		{223E21EF-60B9-4C24-969B-BF1971E55B68} = {591B6909-4A71-4D32-AF57-B2DB32DA4818}
		{3FAEE013-AA9D-4030-8743-42E9D556FA52} = {591B6909-4A71-4D32-AF57-B2DB32DA4818}
		{F4A954D6-BA2C-4B97-8191-D0AEB08D3AC9} = {591B6909-4A71-4D32-AF57-B2DB32DA4818}
		{23B9EFBA-5D7A-47C0-ACFC-0C1477952288} = {591B6909-4A71-4D32-AF57-B2DB32DA4818}
		{8215A5D9-D121-4743-9354-F3D6FAB07A89} = {591B6909-4A71-4D32-AF57-B2DB32DA4818}
		{C9179CF5-357B-486F-B669-C3C4B695984F} = {591B6909-4A71-4D32-AF57-B2DB32DA4818}
		{27B3A85D-E1F1-474E-976B-BD33BDC0D462} = {591B6909-4A71-4D32-AF57-B2DB32DA4818}
		{329BD402-08DD-4099-90C5-C9CDE2E7D7EB} = {591B6909-4A71-4D32-AF57-B2DB32DA4818}
		{C5A34E3E-6434-4D99-A562-3CF659FEB4BF} = {591B6909-4A71-4D32-AF57-B2DB32DA4818}
		{724082B1-2B49-40CE-9DB8-A8FDE10F9E7E} = {6E5676E0-C788-47E4-BA99-12A58C8A19C4}
		{AF967FD0-80EE-4E4E-91C0-C2A6253D236B} = {591B6909-4A71-4D32-AF57-B2DB32DA4818}
		{2E9E665A-0891-447D-827C-F159B693D6CD} = {591B6909-4A71-4D32-AF57-B2DB32DA4818}
		{8FEFAD0B-E511-4046-83D7-CA4833D45016} = {591B6909-4A71-4D32-AF57-B2DB32DA4818}
		{AC9DE309-FC84-45F1-A600-833AB6B35DAF} = {591B6909-4A71-4D32-AF57-B2DB32DA4818}
	EndGlobalSection
	GlobalSection(ExtensibilityGlobals) = postSolution
		SolutionGuid = {74F172CA-98CC-4AF9-B2B1-E3D441C5B751}
	EndGlobalSection
EndGlobal
