<?xml version="1.0" encoding="utf-8"?>
<Project ToolsVersion="4.0" xmlns="http://schemas.microsoft.com/developer/msbuild/2003">
  <ItemGroup>
    <ClCompile Include="..\..\mediapipe\framework\stream_handler\in_order_output_stream_handler.cc">
      <Filter>framework\stream_handler</Filter>
    </ClCompile>
    <ClCompile Include="..\..\mediapipe\framework\stream_handler\default_input_stream_handler.cc">
      <Filter>framework\stream_handler</Filter>
    </ClCompile>
    <ClCompile Include="..\..\mediapipe\framework\stream_handler\immediate_input_stream_handler.cc">
      <Filter>framework\stream_handler</Filter>
    </ClCompile>
    <ClCompile Include="..\..\mediapipe\calculators\core\constant_side_packet_calculator.cc">
      <Filter>calculators\core</Filter>
    </ClCompile>
    <ClCompile Include="..\..\mediapipe\calculators\core\flow_limiter_calculator.cc">
      <Filter>calculators\core</Filter>
    </ClCompile>
    <ClCompile Include="..\..\mediapipe\calculators\core\gate_calculator.cc">
      <Filter>calculators\core</Filter>
    </ClCompile>
    <ClCompile Include="..\..\mediapipe\calculators\image\image_properties_calculator.cc">
      <Filter>calculators\image</Filter>
    </ClCompile>
    <ClCompile Include="..\..\mediapipe\calculators\util\annotation_overlay_calculator.cc">
      <Filter>calculators\util</Filter>
    </ClCompile>
    <ClCompile Include="..\..\mediapipe\calculators\util\landmarks_to_render_data_calculator.cc">
      <Filter>calculators\util</Filter>
    </ClCompile>
    <ClCompile Include="..\..\mediapipe\calculators\image\image_transformation_calculator.cc">
      <Filter>calculators\image</Filter>
    </ClCompile>
    <ClCompile Include="..\..\mediapipe\calculators\tflite\tflite_converter_calculator.cc">
      <Filter>calculators\tflite</Filter>
    </ClCompile>
    <ClCompile Include="..\..\mediapipe\calculators\tflite\tflite_inference_calculator.cc">
      <Filter>calculators\tflite</Filter>
    </ClCompile>
    <ClCompile Include="..\..\mediapipe\framework\stream_handler\fixed_size_input_stream_handler.cc">
      <Filter>framework\stream_handler</Filter>
    </ClCompile>
    <ClCompile Include="template_matching.cc" />
    <ClCompile Include="..\..\mediapipe\calculators\video\box_detector_calculator.cc">
      <Filter>calculators\video</Filter>
    </ClCompile>
    <ClCompile Include="..\..\mediapipe\calculators\util\timed_box_list_id_to_label_calculator.cc">
      <Filter>calculators\util</Filter>
    </ClCompile>
    <ClCompile Include="..\..\mediapipe\calculators\util\timed_box_list_to_render_data_calculator.cc">
      <Filter>calculators\util</Filter>
    </ClCompile>
    <ClCompile Include="..\..\mediapipe\calculators\video\opencv_video_decoder_calculator.cc">
      <Filter>calculators\video</Filter>
    </ClCompile>
    <ClCompile Include="..\..\mediapipe\calculators\video\opencv_video_encoder_calculator.cc">
      <Filter>calculators\video</Filter>
    </ClCompile>
    <ClCompile Include="..\..\mediapipe\calculators\image\feature_detector_calculator.cc">
      <Filter>calculators\image</Filter>
    </ClCompile>
    <ClCompile Include="..\..\mediapipe\calculators\tflite\tflite_tensors_to_floats_calculator.cc">
      <Filter>calculators\tflite</Filter>
    </ClCompile>
    <ClCompile Include="..\..\mediapipe\calculators\image\opencv_encoded_image_to_image_frame_calculator.cc">
      <Filter>calculators\image</Filter>
    </ClCompile>
    <ClCompile Include="..\..\mediapipe\calculators\util\local_file_pattern_contents_calculator.cc">
      <Filter>calculators\util</Filter>
    </ClCompile>
  </ItemGroup>
  <ItemGroup>
    <Filter Include="calculators">
      <UniqueIdentifier>{5554f012-a93b-4655-93f3-aec895921213}</UniqueIdentifier>
    </Filter>
    <Filter Include="calculators\util">
      <UniqueIdentifier>{4c18f273-9c3b-4def-8b0b-5059f90ea0d0}</UniqueIdentifier>
    </Filter>
    <Filter Include="calculators\core">
      <UniqueIdentifier>{1e6c472e-5129-44a1-ac87-c6b459884aab}</UniqueIdentifier>
    </Filter>
    <Filter Include="calculators\image">
      <UniqueIdentifier>{8521d7aa-2beb-4fe5-a501-a4d07d5b807b}</UniqueIdentifier>
    </Filter>
    <Filter Include="calculators\tflite">
      <UniqueIdentifier>{3168ea7c-bebf-4387-bba0-d1d40340bb42}</UniqueIdentifier>
    </Filter>
    <Filter Include="framework">
      <UniqueIdentifier>{dabe6ca6-7689-42c7-88c8-dbf466308b85}</UniqueIdentifier>
    </Filter>
    <Filter Include="framework\stream_handler">
      <UniqueIdentifier>{46d86e2b-d069-41ef-b5ae-bf7b799d1848}</UniqueIdentifier>
    </Filter>
    <Filter Include="calculators\video">
      <UniqueIdentifier>{d1192d69-e883-471f-abf0-5c360e0b4294}</UniqueIdentifier>
    </Filter>
  </ItemGroup>
</Project>